PODS:
  - LLYogaKit (3.2.1):
    - Yoga (~> 3.2.1)
  - Yoga (3.2.1)

DEPENDENCIES:
  - LLYogaKit (from `../`)

SPEC REPOS:
  trunk:
    - Yoga

EXTERNAL SOURCES:
  LLYogaKit:
    :path: "../"

SPEC CHECKSUMS:
  LLYogaKit: e43a2fe5db32c97eb789cbc74edd85395df15736
  Yoga: 636ce73bd247407928a7df089f3bc3675916b3ff

PODFILE CHECKSUM: f024ad4c99dd0499d5109403eacd1f8eefd665e7

COCOAPODS: 1.16.2
